
Microsoft Visual Studio Solution File, Format Version 12.00
# Visual Studio Version 17
VisualStudioVersion = 17.7.34031.279
MinimumVisualStudioVersion = 10.0.40219.1
Project("{FAE04EC0-301F-11D3-BF4B-00C04F79EFBC}") = "Recipe Manager", "Recipe Manager\Recipe Manager.csproj", "{665E7596-69DF-491F-973D-3F4E082D27AE}"
EndProject
Project("{2150E333-8FDC-42A3-9474-1A3956D46DE8}") = "Solution Items", "Solution Items", "{CD0D1365-A3DC-4658-97BE-C80029C28E34}"
	ProjectSection(SolutionItems) = preProject
		..\Classes\Queries.cs = ..\Classes\Queries.cs
	EndProjectSection
EndProject
Global
	GlobalSection(SolutionConfigurationPlatforms) = preSolution
		Debug|Any CPU = Debug|Any CPU
		Release|Any CPU = Release|Any CPU
	EndGlobalSection
	GlobalSection(ProjectConfigurationPlatforms) = postSolution
		{665E7596-69DF-491F-973D-3F4E082D27AE}.Debug|Any CPU.ActiveCfg = Debug|Any CPU
		{665E7596-69DF-491F-973D-3F4E082D27AE}.Debug|Any CPU.Build.0 = Debug|Any CPU
		{665E7596-69DF-491F-973D-3F4E082D27AE}.Release|Any CPU.ActiveCfg = Release|Any CPU
		{665E7596-69DF-491F-973D-3F4E082D27AE}.Release|Any CPU.Build.0 = Release|Any CPU
	EndGlobalSection
	GlobalSection(SolutionProperties) = preSolution
		HideSolutionNode = FALSE
	EndGlobalSection
	GlobalSection(ExtensibilityGlobals) = postSolution
		SolutionGuid = {0647F991-F92E-4838-8FC5-0B60AE646362}
	EndGlobalSection
EndGlobal
